Microsoft Visual Studio Solution File, Format Version 12.00
# Visual Studio Version 17
VisualStudioVersion = 17.5.2.0
MinimumVisualStudioVersion = 10.0.40219.1
Project("{FAE04EC0-301F-11D3-BF4B-00C04F79EFBC}") = "CertBE", "CertBE.csproj", "{B031ABC2-6F3D-76E9-F1DB-F01EF3D8CD53}"
EndProject
Global
	GlobalSection(SolutionConfigurationPlatforms) = preSolution
		Debug|Any CPU = Debug|Any CPU
		Release|Any CPU = Release|Any CPU
	EndGlobalSection
	GlobalSection(ProjectConfigurationPlatforms) = postSolution
		{B031ABC2-6F3D-76E9-F1DB-F01EF3D8CD53}.Debug|Any CPU.ActiveCfg = Debug|Any CPU
		{B031ABC2-6F3D-76E9-F1DB-F01EF3D8CD53}.Debug|Any CPU.Build.0 = Debug|Any CPU
		{B031ABC2-6F3D-76E9-F1DB-F01EF3D8CD53}.Release|Any CPU.ActiveCfg = Release|Any CPU
		{B031ABC2-6F3D-76E9-F1DB-F01EF3D8CD53}.Release|Any CPU.Build.0 = Release|Any CPU
	EndGlobalSection
	GlobalSection(SolutionProperties) = preSolution
		HideSolutionNode = FALSE
	EndGlobalSection
	GlobalSection(ExtensibilityGlobals) = postSolution
		SolutionGuid = {A4E71124-F200-43FA-B6B5-3B667082C58C}
	EndGlobalSection
EndGlobal
